
Microsoft Visual Studio Solution File, Format Version 12.00
# Visual Studio Version 17
VisualStudioVersion = 17.5.33627.172
MinimumVisualStudioVersion = 10.0.40219.1
Project("{2150E333-8FDC-42A3-9474-1A3956D46DE8}") = "external", "external", "{D26C22BC-B754-412D-8DF3-9802E1377C41}"
	ProjectSection(SolutionItems) = preProject
		external\json\nlohmann\json.hpp = external\json\nlohmann\json.hpp
	EndProjectSection
EndProject
Project("{8BC9CEB8-8B4A-11D0-8D11-00A0C91BC942}") = "libMinHook", "external\minhook\build\VC15\libMinHook.vcxproj", "{F142A341-5EE0-442D-A15F-98AE9B48DBAE}"
	ProjectSection(ProjectDependencies) = postProject
		{0E3B003F-F4E5-4DEA-9D17-B0B3260B0432} = {0E3B003F-F4E5-4DEA-9D17-B0B3260B0432}
	EndProjectSection
EndProject
Project("{2150E333-8FDC-42A3-9474-1A3956D46DE8}") = "Plugins", "Plugins", "{12C6CB3B-8095-4EF0-BD7D-EF433D5EB95D}"
EndProject
Project("{8BC9CEB8-8B4A-11D0-8D11-00A0C91BC942}") = "DllLoader", "DllLoader\DllLoader.vcxproj", "{0E3B003F-F4E5-4DEA-9D17-B0B3260B0432}"
EndProject
Project("{8BC9CEB8-8B4A-11D0-8D11-00A0C91BC942}") = "MHWLoader", "MHWLoader\loader.vcxproj", "{47D7380A-7CA7-4FB5-A415-12E1FB99FF97}"
EndProject
Project("{8BC9CEB8-8B4A-11D0-8D11-00A0C91BC942}") = "QuestLoader", "Plugins\QuestLoader\QuestLoader.vcxproj", "{72A3ADB0-9165-499A-B235-5A80AA3E22BA}"
EndProject
Project("{8BC9CEB8-8B4A-11D0-8D11-00A0C91BC942}") = "MonsterLoader", "Plugins\MonsterLoader\MonsterLoader.vcxproj", "{F411664E-CC59-4B14-92BF-D9C361B86598}"
EndProject
Project("{8BC9CEB8-8B4A-11D0-8D11-00A0C91BC942}") = "onTimeTemplate", "example1\example1.vcxproj", "{3FA287DE-2167-461B-B7F1-C1374C16A360}"
EndProject
Project("{8BC9CEB8-8B4A-11D0-8D11-00A0C91BC942}") = "瞬移勾爪DLL版", "瞬移勾爪DLL版\瞬移勾爪DLL版.vcxproj", "{05107067-FE92-4C5A-935C-B436040C1D22}"
EndProject
Project("{8BC9CEB8-8B4A-11D0-8D11-00A0C91BC942}") = "睡觉无敌", "睡觉无敌\睡觉无敌.vcxproj", "{3C90E4CB-267B-4837-8EC8-65812E5D3FB8}"
EndProject
Project("{8BC9CEB8-8B4A-11D0-8D11-00A0C91BC942}") = "一键完成任务", "一键完成任务\一键完成任务.vcxproj", "{1C0D5FE2-363C-4578-920F-CAA7619D4C9F}"
EndProject
Project("{8BC9CEB8-8B4A-11D0-8D11-00A0C91BC942}") = "居合开刃 - 云", "居合开刃 - 云\居合开刃 - 云.vcxproj", "{8925A65D-9AF1-49F6-93DB-8D0A32D75AF8}"
EndProject
Project("{8BC9CEB8-8B4A-11D0-8D11-00A0C91BC942}") = "虫棍永久3灯气力", "虫棍永久3灯气力\虫棍永久3灯气力.vcxproj", "{889E1C0E-E5FA-401D-B761-1BEC9C1BE468}"
EndProject
Project("{8BC9CEB8-8B4A-11D0-8D11-00A0C91BC942}") = "爆炸开火弓弩", "爆炸开火弓弩\爆炸开火弓弩.vcxproj", "{46D99094-85AF-4D33-9E68-EC42E394BAB8}"
EndProject
Project("{8BC9CEB8-8B4A-11D0-8D11-00A0C91BC942}") = "虫棍定型文", "虫棍定型文\虫棍定型文.vcxproj", "{98CDF26D-ACEB-4808-8AE3-C3C738FC336E}"
EndProject
Global
	GlobalSection(SolutionConfigurationPlatforms) = preSolution
		Release|x64 = Release|x64
		Release|x86 = Release|x86
	EndGlobalSection
	GlobalSection(ProjectConfigurationPlatforms) = postSolution
		{F142A341-5EE0-442D-A15F-98AE9B48DBAE}.Release|x64.ActiveCfg = Release|x64
		{F142A341-5EE0-442D-A15F-98AE9B48DBAE}.Release|x64.Build.0 = Release|x64
		{F142A341-5EE0-442D-A15F-98AE9B48DBAE}.Release|x86.ActiveCfg = Release|x64
		{F142A341-5EE0-442D-A15F-98AE9B48DBAE}.Release|x86.Build.0 = Release|x64
		{0E3B003F-F4E5-4DEA-9D17-B0B3260B0432}.Release|x64.ActiveCfg = Release|x64
		{0E3B003F-F4E5-4DEA-9D17-B0B3260B0432}.Release|x64.Build.0 = Release|x64
		{0E3B003F-F4E5-4DEA-9D17-B0B3260B0432}.Release|x86.ActiveCfg = Release|x64
		{0E3B003F-F4E5-4DEA-9D17-B0B3260B0432}.Release|x86.Build.0 = Release|x64
		{47D7380A-7CA7-4FB5-A415-12E1FB99FF97}.Release|x64.ActiveCfg = Release|x64
		{47D7380A-7CA7-4FB5-A415-12E1FB99FF97}.Release|x64.Build.0 = Release|x64
		{47D7380A-7CA7-4FB5-A415-12E1FB99FF97}.Release|x86.ActiveCfg = Release|x64
		{47D7380A-7CA7-4FB5-A415-12E1FB99FF97}.Release|x86.Build.0 = Release|x64
		{72A3ADB0-9165-499A-B235-5A80AA3E22BA}.Release|x64.ActiveCfg = Release|x64
		{72A3ADB0-9165-499A-B235-5A80AA3E22BA}.Release|x64.Build.0 = Release|x64
		{72A3ADB0-9165-499A-B235-5A80AA3E22BA}.Release|x86.ActiveCfg = Release|x64
		{72A3ADB0-9165-499A-B235-5A80AA3E22BA}.Release|x86.Build.0 = Release|x64
		{F411664E-CC59-4B14-92BF-D9C361B86598}.Release|x64.ActiveCfg = Release|x64
		{F411664E-CC59-4B14-92BF-D9C361B86598}.Release|x64.Build.0 = Release|x64
		{F411664E-CC59-4B14-92BF-D9C361B86598}.Release|x86.ActiveCfg = Release|x64
		{F411664E-CC59-4B14-92BF-D9C361B86598}.Release|x86.Build.0 = Release|x64
		{3FA287DE-2167-461B-B7F1-C1374C16A360}.Release|x64.ActiveCfg = Release|x64
		{3FA287DE-2167-461B-B7F1-C1374C16A360}.Release|x64.Build.0 = Release|x64
		{3FA287DE-2167-461B-B7F1-C1374C16A360}.Release|x86.ActiveCfg = Release|Win32
		{3FA287DE-2167-461B-B7F1-C1374C16A360}.Release|x86.Build.0 = Release|Win32
		{05107067-FE92-4C5A-935C-B436040C1D22}.Release|x64.ActiveCfg = Release|x64
		{05107067-FE92-4C5A-935C-B436040C1D22}.Release|x64.Build.0 = Release|x64
		{05107067-FE92-4C5A-935C-B436040C1D22}.Release|x86.ActiveCfg = Release|Win32
		{05107067-FE92-4C5A-935C-B436040C1D22}.Release|x86.Build.0 = Release|Win32
		{3C90E4CB-267B-4837-8EC8-65812E5D3FB8}.Release|x64.ActiveCfg = Release|x64
		{3C90E4CB-267B-4837-8EC8-65812E5D3FB8}.Release|x64.Build.0 = Release|x64
		{3C90E4CB-267B-4837-8EC8-65812E5D3FB8}.Release|x86.ActiveCfg = Release|Win32
		{3C90E4CB-267B-4837-8EC8-65812E5D3FB8}.Release|x86.Build.0 = Release|Win32
		{1C0D5FE2-363C-4578-920F-CAA7619D4C9F}.Release|x64.ActiveCfg = Release|x64
		{1C0D5FE2-363C-4578-920F-CAA7619D4C9F}.Release|x64.Build.0 = Release|x64
		{1C0D5FE2-363C-4578-920F-CAA7619D4C9F}.Release|x86.ActiveCfg = Release|Win32
		{1C0D5FE2-363C-4578-920F-CAA7619D4C9F}.Release|x86.Build.0 = Release|Win32
		{8925A65D-9AF1-49F6-93DB-8D0A32D75AF8}.Release|x64.ActiveCfg = Release|x64
		{8925A65D-9AF1-49F6-93DB-8D0A32D75AF8}.Release|x64.Build.0 = Release|x64
		{8925A65D-9AF1-49F6-93DB-8D0A32D75AF8}.Release|x86.ActiveCfg = Release|Win32
		{8925A65D-9AF1-49F6-93DB-8D0A32D75AF8}.Release|x86.Build.0 = Release|Win32
		{889E1C0E-E5FA-401D-B761-1BEC9C1BE468}.Release|x64.ActiveCfg = Release|x64
		{889E1C0E-E5FA-401D-B761-1BEC9C1BE468}.Release|x64.Build.0 = Release|x64
		{889E1C0E-E5FA-401D-B761-1BEC9C1BE468}.Release|x86.ActiveCfg = Release|Win32
		{889E1C0E-E5FA-401D-B761-1BEC9C1BE468}.Release|x86.Build.0 = Release|Win32
		{46D99094-85AF-4D33-9E68-EC42E394BAB8}.Release|x64.ActiveCfg = Release|x64
		{46D99094-85AF-4D33-9E68-EC42E394BAB8}.Release|x64.Build.0 = Release|x64
		{46D99094-85AF-4D33-9E68-EC42E394BAB8}.Release|x86.ActiveCfg = Release|Win32
		{46D99094-85AF-4D33-9E68-EC42E394BAB8}.Release|x86.Build.0 = Release|Win32
		{98CDF26D-ACEB-4808-8AE3-C3C738FC336E}.Release|x64.ActiveCfg = Release|x64
		{98CDF26D-ACEB-4808-8AE3-C3C738FC336E}.Release|x64.Build.0 = Release|x64
		{98CDF26D-ACEB-4808-8AE3-C3C738FC336E}.Release|x86.ActiveCfg = Release|Win32
		{98CDF26D-ACEB-4808-8AE3-C3C738FC336E}.Release|x86.Build.0 = Release|Win32
	EndGlobalSection
	GlobalSection(SolutionProperties) = preSolution
		HideSolutionNode = FALSE
	EndGlobalSection
	GlobalSection(NestedProjects) = preSolution
		{F142A341-5EE0-442D-A15F-98AE9B48DBAE} = {D26C22BC-B754-412D-8DF3-9802E1377C41}
		{72A3ADB0-9165-499A-B235-5A80AA3E22BA} = {12C6CB3B-8095-4EF0-BD7D-EF433D5EB95D}
		{F411664E-CC59-4B14-92BF-D9C361B86598} = {12C6CB3B-8095-4EF0-BD7D-EF433D5EB95D}
		{3FA287DE-2167-461B-B7F1-C1374C16A360} = {12C6CB3B-8095-4EF0-BD7D-EF433D5EB95D}
		{05107067-FE92-4C5A-935C-B436040C1D22} = {12C6CB3B-8095-4EF0-BD7D-EF433D5EB95D}
		{3C90E4CB-267B-4837-8EC8-65812E5D3FB8} = {12C6CB3B-8095-4EF0-BD7D-EF433D5EB95D}
		{1C0D5FE2-363C-4578-920F-CAA7619D4C9F} = {12C6CB3B-8095-4EF0-BD7D-EF433D5EB95D}
		{8925A65D-9AF1-49F6-93DB-8D0A32D75AF8} = {12C6CB3B-8095-4EF0-BD7D-EF433D5EB95D}
		{889E1C0E-E5FA-401D-B761-1BEC9C1BE468} = {12C6CB3B-8095-4EF0-BD7D-EF433D5EB95D}
		{46D99094-85AF-4D33-9E68-EC42E394BAB8} = {12C6CB3B-8095-4EF0-BD7D-EF433D5EB95D}
		{98CDF26D-ACEB-4808-8AE3-C3C738FC336E} = {12C6CB3B-8095-4EF0-BD7D-EF433D5EB95D}
	EndGlobalSection
	GlobalSection(ExtensibilityGlobals) = postSolution
		SolutionGuid = {FE0159EE-22D5-460B-893C-8F074349F7EB}
	EndGlobalSection
EndGlobal
